{
  "name": "elm-shop",
  "lockfileVersion": 2,
  "requires": true,
  "packages": {
    "": {
      "devDependencies": {
        "dataman": "github:pravdomil/dataman",
        "elm-codec": "github:pravdomil/elm-codec",
        "elm-data": "github:pravdomil/elm-data",
        "elm-ffi": "github:pravdomil/elm-ffi",
        "elm-ffi-node": "github:pravdomil/elm-ffi-node",
        "elm-utils": "github:pravdomil/elm-utils",
        "pravdomil-ui": "github:pravdomil/pravdomil-ui"
      }
    },
    "node_modules/dataman": {
      "resolved": "git+ssh://git@github.com/pravdomil/dataman.git#70552be3c14b181d0e40769c9fe2d7eb409d538e",
      "dev": true
    },
    "node_modules/elm-codec": {
      "resolved": "git+ssh://git@github.com/pravdomil/elm-codec.git#1e7a67342e93537c58c44f80a489852207e7ee4c",
      "dev": true
    },
    "node_modules/elm-data": {
      "resolved": "git+ssh://git@github.com/pravdomil/elm-data.git#02ba703e0383f9affa93882477d26083118ea37b",
      "dev": true
    },
    "node_modules/elm-ffi": {
      "resolved": "git+ssh://git@github.com/pravdomil/elm-ffi.git#020f7dd520cbae5066864ced90b88c5ab5e964e5",
      "dev": true,
      "bin": {
        "elm-ffi": "bin/elm-ffi"
      }
    },
    "node_modules/elm-ffi-node": {
      "resolved": "git+ssh://git@github.com/pravdomil/elm-ffi-node.git#7929d6c3fd5270d0e5f354b161ed8b4d3e0228ec",
      "dev": true
    },
    "node_modules/elm-utils": {
      "resolved": "git+ssh://git@github.com/pravdomil/elm-utils.git#86c6ea9bcc0b9484ec24b3e18c24e9b5d9c8cf4a",
      "dev": true
    },
    "node_modules/pravdomil-ui": {
      "resolved": "git+ssh://git@github.com/pravdomil/pravdomil-ui.git#c647140d16b5f5e6f61ce6469e13e91a13a42aaf",
      "dev": true
    }
  },
  "dependencies": {
    "dataman": {
      "version": "git+ssh://git@github.com/pravdomil/dataman.git#70552be3c14b181d0e40769c9fe2d7eb409d538e",
      "dev": true,
      "from": "dataman@github:pravdomil/dataman"
    },
    "elm-codec": {
      "version": "git+ssh://git@github.com/pravdomil/elm-codec.git#1e7a67342e93537c58c44f80a489852207e7ee4c",
      "dev": true,
      "from": "elm-codec@github:pravdomil/elm-codec"
    },
    "elm-data": {
      "version": "git+ssh://git@github.com/pravdomil/elm-data.git#02ba703e0383f9affa93882477d26083118ea37b",
      "dev": true,
      "from": "elm-data@github:pravdomil/elm-data"
    },
    "elm-ffi": {
      "version": "git+ssh://git@github.com/pravdomil/elm-ffi.git#020f7dd520cbae5066864ced90b88c5ab5e964e5",
      "dev": true,
      "from": "elm-ffi@github:pravdomil/elm-ffi"
    },
    "elm-ffi-node": {
      "version": "git+ssh://git@github.com/pravdomil/elm-ffi-node.git#7929d6c3fd5270d0e5f354b161ed8b4d3e0228ec",
      "dev": true,
      "from": "elm-ffi-node@github:pravdomil/elm-ffi-node"
    },
    "elm-utils": {
      "version": "git+ssh://git@github.com/pravdomil/elm-utils.git#86c6ea9bcc0b9484ec24b3e18c24e9b5d9c8cf4a",
      "dev": true,
      "from": "elm-utils@github:pravdomil/elm-utils"
    },
    "pravdomil-ui": {
      "version": "git+ssh://git@github.com/pravdomil/pravdomil-ui.git#c647140d16b5f5e6f61ce6469e13e91a13a42aaf",
      "dev": true,
      "from": "pravdomil-ui@github:pravdomil/pravdomil-ui"
    }
  }
}
