{
  "name": "elm-shop",
  "lockfileVersion": 2,
  "requires": true,
  "packages": {
    "": {
      "devDependencies": {
        "dataman": "github:pravdomil/dataman",
        "elm-data": "github:pravdomil/elm-data",
        "elm-ffi": "github:pravdomil/elm-ffi",
        "elm-ffi-node": "github:pravdomil/elm-ffi-node",
        "elm-utils": "github:pravdomil/elm-utils",
        "pravdomil-ui": "github:pravdomil/pravdomil-ui"
      }
    },
    "node_modules/dataman": {
      "resolved": "git+ssh://git@github.com/pravdomil/dataman.git#65955442418115b81545264ec410f615fe2bbef6",
      "dev": true
    },
    "node_modules/elm-data": {
      "resolved": "git+ssh://git@github.com/pravdomil/elm-data.git#3060ab1c59691d851f920766915e54aa50f00c9f",
      "dev": true
    },
    "node_modules/elm-ffi": {
      "resolved": "git+ssh://git@github.com/pravdomil/elm-ffi.git#8edbfd5a068ac77033eb69d9732046b1a5151d4f",
      "dev": true,
      "bin": {
        "elm-ffi": "bin/elm-ffi"
      }
    },
    "node_modules/elm-ffi-node": {
      "resolved": "git+ssh://git@github.com/pravdomil/elm-ffi-node.git#f0eed035a06ce9c8b305bf3e65f7fc8f33c50fdc",
      "dev": true
    },
    "node_modules/elm-utils": {
      "resolved": "git+ssh://git@github.com/pravdomil/elm-utils.git#2246b442d563f915bdcc161dbe94db89f8b745b2",
      "dev": true
    },
    "node_modules/pravdomil-ui": {
      "resolved": "git+ssh://git@github.com/pravdomil/pravdomil-ui.git#f83b3a99f873f89c93ed7947e802ef72efa63e46",
      "dev": true
    }
  },
  "dependencies": {
    "dataman": {
      "version": "git+ssh://git@github.com/pravdomil/dataman.git#65955442418115b81545264ec410f615fe2bbef6",
      "dev": true,
      "from": "dataman@github:pravdomil/dataman"
    },
    "elm-data": {
      "version": "git+ssh://git@github.com/pravdomil/elm-data.git#3060ab1c59691d851f920766915e54aa50f00c9f",
      "dev": true,
      "from": "elm-data@github:pravdomil/elm-data"
    },
    "elm-ffi": {
      "version": "git+ssh://git@github.com/pravdomil/elm-ffi.git#8edbfd5a068ac77033eb69d9732046b1a5151d4f",
      "dev": true,
      "from": "elm-ffi@github:pravdomil/elm-ffi"
    },
    "elm-ffi-node": {
      "version": "git+ssh://git@github.com/pravdomil/elm-ffi-node.git#f0eed035a06ce9c8b305bf3e65f7fc8f33c50fdc",
      "dev": true,
      "from": "elm-ffi-node@github:pravdomil/elm-ffi-node"
    },
    "elm-utils": {
      "version": "git+ssh://git@github.com/pravdomil/elm-utils.git#2246b442d563f915bdcc161dbe94db89f8b745b2",
      "dev": true,
      "from": "elm-utils@github:pravdomil/elm-utils"
    },
    "pravdomil-ui": {
      "version": "git+ssh://git@github.com/pravdomil/pravdomil-ui.git#f83b3a99f873f89c93ed7947e802ef72efa63e46",
      "dev": true,
      "from": "pravdomil-ui@github:pravdomil/pravdomil-ui"
    }
  }
}
