{
  "name": "elm-shop",
  "lockfileVersion": 2,
  "requires": true,
  "packages": {
    "": {
      "devDependencies": {
        "dataman": "github:pravdomil/dataman",
        "elm-codec": "github:pravdomil/elm-codec",
        "elm-data": "github:pravdomil/elm-data",
        "elm-ffi": "github:pravdomil/elm-ffi",
        "elm-ffi-node": "github:pravdomil/elm-ffi-node",
        "elm-utils": "github:pravdomil/elm-utils",
        "pravdomil-ui": "github:pravdomil/pravdomil-ui"
      }
    },
    "node_modules/dataman": {
      "resolved": "git+ssh://git@github.com/pravdomil/dataman.git#6fd9c7b7cc838812e702a82d0a6f20771803dc02",
      "dev": true
    },
    "node_modules/elm-codec": {
      "resolved": "git+ssh://git@github.com/pravdomil/elm-codec.git#ced5681cf262c678987819f009745f902f33a25a",
      "dev": true
    },
    "node_modules/elm-data": {
      "resolved": "git+ssh://git@github.com/pravdomil/elm-data.git#a73220345d14889bfe06bcce5dba2a7aab0b82f9",
      "dev": true
    },
    "node_modules/elm-ffi": {
      "resolved": "git+ssh://git@github.com/pravdomil/elm-ffi.git#fa9a7e6b24c92b76a74a7932299d9df6a350e30c",
      "dev": true,
      "bin": {
        "elm-ffi": "bin/elm-ffi"
      }
    },
    "node_modules/elm-ffi-node": {
      "resolved": "git+ssh://git@github.com/pravdomil/elm-ffi-node.git#7bce46d39f5b3c3e070715600d7ca616f866a3bf",
      "dev": true
    },
    "node_modules/elm-utils": {
      "resolved": "git+ssh://git@github.com/pravdomil/elm-utils.git#fd7fef4f9f8dd58eb4be7b76b65c51840c7aef13",
      "dev": true
    },
    "node_modules/pravdomil-ui": {
      "resolved": "git+ssh://git@github.com/pravdomil/pravdomil-ui.git#f70bded5a869a5aa6d29b0ed4ffa96ac95cce617",
      "dev": true
    }
  },
  "dependencies": {
    "dataman": {
      "version": "git+ssh://git@github.com/pravdomil/dataman.git#6fd9c7b7cc838812e702a82d0a6f20771803dc02",
      "dev": true,
      "from": "dataman@github:pravdomil/dataman"
    },
    "elm-codec": {
      "version": "git+ssh://git@github.com/pravdomil/elm-codec.git#ced5681cf262c678987819f009745f902f33a25a",
      "dev": true,
      "from": "elm-codec@github:pravdomil/elm-codec"
    },
    "elm-data": {
      "version": "git+ssh://git@github.com/pravdomil/elm-data.git#a73220345d14889bfe06bcce5dba2a7aab0b82f9",
      "dev": true,
      "from": "elm-data@github:pravdomil/elm-data"
    },
    "elm-ffi": {
      "version": "git+ssh://git@github.com/pravdomil/elm-ffi.git#fa9a7e6b24c92b76a74a7932299d9df6a350e30c",
      "dev": true,
      "from": "elm-ffi@github:pravdomil/elm-ffi"
    },
    "elm-ffi-node": {
      "version": "git+ssh://git@github.com/pravdomil/elm-ffi-node.git#7bce46d39f5b3c3e070715600d7ca616f866a3bf",
      "dev": true,
      "from": "elm-ffi-node@github:pravdomil/elm-ffi-node"
    },
    "elm-utils": {
      "version": "git+ssh://git@github.com/pravdomil/elm-utils.git#fd7fef4f9f8dd58eb4be7b76b65c51840c7aef13",
      "dev": true,
      "from": "elm-utils@github:pravdomil/elm-utils"
    },
    "pravdomil-ui": {
      "version": "git+ssh://git@github.com/pravdomil/pravdomil-ui.git#f70bded5a869a5aa6d29b0ed4ffa96ac95cce617",
      "dev": true,
      "from": "pravdomil-ui@github:pravdomil/pravdomil-ui"
    }
  }
}
